
Microsoft Visual Studio Solution File, Format Version 12.00
# Visual Studio Version 16
VisualStudioVersion = 16.0.29318.209
MinimumVisualStudioVersion = 10.0.40219.1
Project("{FAE04EC0-301F-11D3-BF4B-00C04F79EFBC}") = "OpenDayTelerik", "OpenDayTelerik\OpenDayTelerik.csproj", "{77C7E5B9-52BC-40A4-8861-32DC07064A7F}"
EndProject
Global
	GlobalSection(SolutionConfigurationPlatforms) = preSolution
		Debug|Any CPU = Debug|Any CPU
		Release|Any CPU = Release|Any CPU
	EndGlobalSection
	GlobalSection(ProjectConfigurationPlatforms) = postSolution
		{77C7E5B9-52BC-40A4-8861-32DC07064A7F}.Debug|Any CPU.ActiveCfg = Debug|Any CPU
		{77C7E5B9-52BC-40A4-8861-32DC07064A7F}.Debug|Any CPU.Build.0 = Debug|Any CPU
		{77C7E5B9-52BC-40A4-8861-32DC07064A7F}.Release|Any CPU.ActiveCfg = Release|Any CPU
		{77C7E5B9-52BC-40A4-8861-32DC07064A7F}.Release|Any CPU.Build.0 = Release|Any CPU
	EndGlobalSection
	GlobalSection(SolutionProperties) = preSolution
		HideSolutionNode = FALSE
	EndGlobalSection
	GlobalSection(ExtensibilityGlobals) = postSolution
		SolutionGuid = {AD1D6951-17D3-423B-A17E-2268A75118BD}
	EndGlobalSection
EndGlobal
